
Microsoft Visual Studio Solution File, Format Version 12.00
# Visual Studio 15
VisualStudioVersion = 15.0.28307.645
MinimumVisualStudioVersion = 10.0.40219.1
Project("{FAE04EC0-301F-11D3-BF4B-00C04F79EFBC}") = "WpfApp2 - test", "WpfApp2 - test\WpfApp2 - test.csproj", "{EB69B935-EBF5-483F-B0D4-5959DF13F0CB}"
EndProject
Project("{FAE04EC0-301F-11D3-BF4B-00C04F79EFBC}") = "ModelFirst", "ModelFirst\ModelFirst.csproj", "{58FF6512-652A-4636-9166-978C8399C00F}"
EndProject
Global
	GlobalSection(SolutionConfigurationPlatforms) = preSolution
		Debug|Any CPU = Debug|Any CPU
		Release|Any CPU = Release|Any CPU
	EndGlobalSection
	GlobalSection(ProjectConfigurationPlatforms) = postSolution
		{EB69B935-EBF5-483F-B0D4-5959DF13F0CB}.Debug|Any CPU.ActiveCfg = Debug|Any CPU
		{EB69B935-EBF5-483F-B0D4-5959DF13F0CB}.Debug|Any CPU.Build.0 = Debug|Any CPU
		{EB69B935-EBF5-483F-B0D4-5959DF13F0CB}.Release|Any CPU.ActiveCfg = Release|Any CPU
		{EB69B935-EBF5-483F-B0D4-5959DF13F0CB}.Release|Any CPU.Build.0 = Release|Any CPU
		{58FF6512-652A-4636-9166-978C8399C00F}.Debug|Any CPU.ActiveCfg = Debug|Any CPU
		{58FF6512-652A-4636-9166-978C8399C00F}.Debug|Any CPU.Build.0 = Debug|Any CPU
		{58FF6512-652A-4636-9166-978C8399C00F}.Release|Any CPU.ActiveCfg = Release|Any CPU
		{58FF6512-652A-4636-9166-978C8399C00F}.Release|Any CPU.Build.0 = Release|Any CPU
	EndGlobalSection
	GlobalSection(SolutionProperties) = preSolution
		HideSolutionNode = FALSE
	EndGlobalSection
	GlobalSection(ExtensibilityGlobals) = postSolution
		SolutionGuid = {3D2DBBA8-5F21-4AE4-9FDC-45EE18EF05FC}
	EndGlobalSection
EndGlobal
